
Microsoft Visual Studio Solution File, Format Version 12.00
Project("{FAE04EC0-301F-11D3-BF4B-00C04F79EFBC}") = "Currency-API", "Currency-API/Currency-API.csproj", "{C3C49BE3-CDFB-4BD7-BF8E-5B85385F21B9}"
EndProject
Project("{FAE04EC0-301F-11D3-BF4B-00C04F79EFBC}") = "Currency-API.Tests", "Currency-API.Tests\Currency-API.Tests.csproj", "{4F61E935-FFF2-466C-9FC2-FD3919C21020}"
EndProject
Global
	GlobalSection(SolutionConfigurationPlatforms) = preSolution
		Debug|Any CPU = Debug|Any CPU
		Release|Any CPU = Release|Any CPU
	EndGlobalSection
	GlobalSection(ProjectConfigurationPlatforms) = postSolution
		{C3C49BE3-CDFB-4BD7-BF8E-5B85385F21B9}.Debug|Any CPU.ActiveCfg = Debug|Any CPU
		{C3C49BE3-CDFB-4BD7-BF8E-5B85385F21B9}.Debug|Any CPU.Build.0 = Debug|Any CPU
		{C3C49BE3-CDFB-4BD7-BF8E-5B85385F21B9}.Release|Any CPU.ActiveCfg = Release|Any CPU
		{C3C49BE3-CDFB-4BD7-BF8E-5B85385F21B9}.Release|Any CPU.Build.0 = Release|Any CPU
		{4F61E935-FFF2-466C-9FC2-FD3919C21020}.Debug|Any CPU.ActiveCfg = Debug|Any CPU
		{4F61E935-FFF2-466C-9FC2-FD3919C21020}.Debug|Any CPU.Build.0 = Debug|Any CPU
		{4F61E935-FFF2-466C-9FC2-FD3919C21020}.Release|Any CPU.ActiveCfg = Release|Any CPU
		{4F61E935-FFF2-466C-9FC2-FD3919C21020}.Release|Any CPU.Build.0 = Release|Any CPU
	EndGlobalSection
EndGlobal
